
Microsoft Visual Studio Solution File, Format Version 12.00
Project("{FAE04EC0-301F-11D3-BF4B-00C04F79EFBC}") = "MicroServiceSetup", "MicroServiceSetup\MicroServiceSetup.csproj", "{09237988-D2C4-440B-96F1-5E6E8311FB98}"
EndProject
Global
	GlobalSection(SolutionConfigurationPlatforms) = preSolution
		Debug|Any CPU = Debug|Any CPU
		Release|Any CPU = Release|Any CPU
	EndGlobalSection
	GlobalSection(ProjectConfigurationPlatforms) = postSolution
		{09237988-D2C4-440B-96F1-5E6E8311FB98}.Debug|Any CPU.ActiveCfg = Debug|Any CPU
		{09237988-D2C4-440B-96F1-5E6E8311FB98}.Debug|Any CPU.Build.0 = Debug|Any CPU
		{09237988-D2C4-440B-96F1-5E6E8311FB98}.Release|Any CPU.ActiveCfg = Release|Any CPU
		{09237988-D2C4-440B-96F1-5E6E8311FB98}.Release|Any CPU.Build.0 = Release|Any CPU
	EndGlobalSection
EndGlobal
